// !$*UTF8*$!
{
	archiveVersion = 1;
	classes = {
	};
	objectVersion = 50;
	objects = {

/* Begin PBXBuildFile section */
		6C6AD02521A25D6D00F121E7 /* 111.png in Resources */ = {isa = PBXBuildFile; fileRef = 6C6AD02421A25D6D00F121E7 /* 111.png */; };
		6C6AD02D21A2696D00F121E7 /* NotificationService.swift in Sources */ = {isa = PBXBuildFile; fileRef = 6C6AD02C21A2696D00F121E7 /* NotificationService.swift */; };
		6C6AD03121A2696D00F121E7 /* HCPushServiceExtension.appex in Embed App Extensions */ = {isa = PBXBuildFile; fileRef = 6C6AD02A21A2696D00F121E7 /* HCPushServiceExtension.appex */; settings = {ATTRIBUTES = (RemoveHeadersOnCopy, ); }; };
		6C6AD03F21A3A09900F121E7 /* 支付宝.m4a in Resources */ = {isa = PBXBuildFile; fileRef = 6C6AD03721A3A09900F121E7 /* 支付宝.m4a */; };
		6C6AD04021A3A09900F121E7 /* 支付宝.m4a in Resources */ = {isa = PBXBuildFile; fileRef = 6C6AD03721A3A09900F121E7 /* 支付宝.m4a */; };
		6C6AD04121A3A09900F121E7 /* 4.m4a in Resources */ = {isa = PBXBuildFile; fileRef = 6C6AD03821A3A09900F121E7 /* 4.m4a */; };
		6C6AD04221A3A09900F121E7 /* 4.m4a in Resources */ = {isa = PBXBuildFile; fileRef = 6C6AD03821A3A09900F121E7 /* 4.m4a */; };
		6C6AD04321A3A09900F121E7 /* 6.m4a in Resources */ = {isa = PBXBuildFile; fileRef = 6C6AD03921A3A09900F121E7 /* 6.m4a */; };
		6C6AD04421A3A09900F121E7 /* 6.m4a in Resources */ = {isa = PBXBuildFile; fileRef = 6C6AD03921A3A09900F121E7 /* 6.m4a */; };
		6C6AD04521A3A09900F121E7 /* 2.m4a in Resources */ = {isa = PBXBuildFile; fileRef = 6C6AD03A21A3A09900F121E7 /* 2.m4a */; };
		6C6AD04621A3A09900F121E7 /* 2.m4a in Resources */ = {isa = PBXBuildFile; fileRef = 6C6AD03A21A3A09900F121E7 /* 2.m4a */; };
		6C6AD04721A3A09900F121E7 /* 数数.m4a in Resources */ = {isa = PBXBuildFile; fileRef = 6C6AD03B21A3A09900F121E7 /* 数数.m4a */; };
		6C6AD04821A3A09900F121E7 /* 数数.m4a in Resources */ = {isa = PBXBuildFile; fileRef = 6C6AD03B21A3A09900F121E7 /* 数数.m4a */; };
		6C6AD04921A3A09900F121E7 /* 1.m4a in Resources */ = {isa = PBXBuildFile; fileRef = 6C6AD03C21A3A09900F121E7 /* 1.m4a */; };
		6C6AD04A21A3A09900F121E7 /* 1.m4a in Resources */ = {isa = PBXBuildFile; fileRef = 6C6AD03C21A3A09900F121E7 /* 1.m4a */; };
		6C6AD04B21A3A09900F121E7 /* 3.m4a in Resources */ = {isa = PBXBuildFile; fileRef = 6C6AD03D21A3A09900F121E7 /* 3.m4a */; };
		6C6AD04C21A3A09900F121E7 /* 3.m4a in Resources */ = {isa = PBXBuildFile; fileRef = 6C6AD03D21A3A09900F121E7 /* 3.m4a */; };
		6C6AD04D21A3A09900F121E7 /* 5.m4a in Resources */ = {isa = PBXBuildFile; fileRef = 6C6AD03E21A3A09900F121E7 /* 5.m4a */; };
		6C6AD04E21A3A09900F121E7 /* 5.m4a in Resources */ = {isa = PBXBuildFile; fileRef = 6C6AD03E21A3A09900F121E7 /* 5.m4a */; };
		6C6AD05021A3A6D500F121E7 /* daozhang.m4a in Resources */ = {isa = PBXBuildFile; fileRef = 6C6AD04F21A3A6D500F121E7 /* daozhang.m4a */; };
		6C6AD05121A3A6D500F121E7 /* daozhang.m4a in Resources */ = {isa = PBXBuildFile; fileRef = 6C6AD04F21A3A6D500F121E7 /* daozhang.m4a */; };
		6CBACB6721BFA7370024CED5 /* UserNotifications.framework in Frameworks */ = {isa = PBXBuildFile; fileRef = 6CBACB6621BFA7370024CED5 /* UserNotifications.framework */; };
		6CBACB6921BFA7370024CED5 /* UserNotificationsUI.framework in Frameworks */ = {isa = PBXBuildFile; fileRef = 6CBACB6821BFA7370024CED5 /* UserNotificationsUI.framework */; };
		6CBACB6C21BFA7370024CED5 /* NotificationViewController.swift in Sources */ = {isa = PBXBuildFile; fileRef = 6CBACB6B21BFA7370024CED5 /* NotificationViewController.swift */; };
		6CBACB6F21BFA7370024CED5 /* MainInterface.storyboard in Resources */ = {isa = PBXBuildFile; fileRef = 6CBACB6D21BFA7370024CED5 /* MainInterface.storyboard */; };
		6CBACB7321BFA7370024CED5 /* HCPushContentExtension.appex in Embed App Extensions */ = {isa = PBXBuildFile; fileRef = 6CBACB6421BFA7370024CED5 /* HCPushContentExtension.appex */; settings = {ATTRIBUTES = (RemoveHeadersOnCopy, ); }; };
		6CF44226219ECA2B0098D251 /* AppDelegate.swift in Sources */ = {isa = PBXBuildFile; fileRef = 6CF44225219ECA2B0098D251 /* AppDelegate.swift */; };
		6CF44228219ECA2B0098D251 /* ViewController.swift in Sources */ = {isa = PBXBuildFile; fileRef = 6CF44227219ECA2B0098D251 /* ViewController.swift */; };
		6CF4422B219ECA2B0098D251 /* Main.storyboard in Resources */ = {isa = PBXBuildFile; fileRef = 6CF44229219ECA2B0098D251 /* Main.storyboard */; };
		6CF4422D219ECA2C0098D251 /* Assets.xcassets in Resources */ = {isa = PBXBuildFile; fileRef = 6CF4422C219ECA2C0098D251 /* Assets.xcassets */; };
		6CF44230219ECA2C0098D251 /* LaunchScreen.storyboard in Resources */ = {isa = PBXBuildFile; fileRef = 6CF4422E219ECA2C0098D251 /* LaunchScreen.storyboard */; };
/* End PBXBuildFile section */

/* Begin PBXContainerItemProxy section */
		6C6AD02F21A2696D00F121E7 /* PBXContainerItemProxy */ = {
			isa = PBXContainerItemProxy;
			containerPortal = 6CF4421A219ECA2B0098D251 /* Project object */;
			proxyType = 1;
			remoteGlobalIDString = 6C6AD02921A2696D00F121E7;
			remoteInfo = HCPushServiceExtension;
		};
		6CBACB7121BFA7370024CED5 /* PBXContainerItemProxy */ = {
			isa = PBXContainerItemProxy;
			containerPortal = 6CF4421A219ECA2B0098D251 /* Project object */;
			proxyType = 1;
			remoteGlobalIDString = 6CBACB6321BFA7370024CED5;
			remoteInfo = HCPushContentExtension;
		};
/* End PBXContainerItemProxy section */

/* Begin PBXCopyFilesBuildPhase section */
		6C6AD03521A2696D00F121E7 /* Embed App Extensions */ = {
			isa = PBXCopyFilesBuildPhase;
			buildActionMask = 2147483647;
			dstPath = "";
			dstSubfolderSpec = 13;
			files = (
				6C6AD03121A2696D00F121E7 /* HCPushServiceExtension.appex in Embed App Extensions */,
				6CBACB7321BFA7370024CED5 /* HCPushContentExtension.appex in Embed App Extensions */,
			);
			name = "Embed App Extensions";
			runOnlyForDeploymentPostprocessing = 0;
		};
/* End PBXCopyFilesBuildPhase section */

/* Begin PBXFileReference section */
		6C6AD02321A247C400F121E7 /* HCPush.entitlements */ = {isa = PBXFileReference; lastKnownFileType = text.plist.entitlements; path = HCPush.entitlements; sourceTree = "<group>"; };
		6C6AD02421A25D6D00F121E7 /* 111.png */ = {isa = PBXFileReference; lastKnownFileType = image.png; path = 111.png; sourceTree = "<group>"; };
		6C6AD02A21A2696D00F121E7 /* HCPushServiceExtension.appex */ = {isa = PBXFileReference; explicitFileType = "wrapper.app-extension"; includeInIndex = 0; path = HCPushServiceExtension.appex; sourceTree = BUILT_PRODUCTS_DIR; };
		6C6AD02C21A2696D00F121E7 /* NotificationService.swift */ = {isa = PBXFileReference; lastKnownFileType = sourcecode.swift; path = NotificationService.swift; sourceTree = "<group>"; };
		6C6AD02E21A2696D00F121E7 /* Info.plist */ = {isa = PBXFileReference; lastKnownFileType = text.plist.xml; path = Info.plist; sourceTree = "<group>"; };
		6C6AD03621A26B7500F121E7 /* HCPushServiceExtension.entitlements */ = {isa = PBXFileReference; lastKnownFileType = text.plist.entitlements; path = HCPushServiceExtension.entitlements; sourceTree = "<group>"; };
		6C6AD03721A3A09900F121E7 /* 支付宝.m4a */ = {isa = PBXFileReference; lastKnownFileType = file; path = "支付宝.m4a"; sourceTree = "<group>"; };
		6C6AD03821A3A09900F121E7 /* 4.m4a */ = {isa = PBXFileReference; lastKnownFileType = file; path = 4.m4a; sourceTree = "<group>"; };
		6C6AD03921A3A09900F121E7 /* 6.m4a */ = {isa = PBXFileReference; lastKnownFileType = file; path = 6.m4a; sourceTree = "<group>"; };
		6C6AD03A21A3A09900F121E7 /* 2.m4a */ = {isa = PBXFileReference; lastKnownFileType = file; path = 2.m4a; sourceTree = "<group>"; };
		6C6AD03B21A3A09900F121E7 /* 数数.m4a */ = {isa = PBXFileReference; lastKnownFileType = file; path = "数数.m4a"; sourceTree = "<group>"; };
		6C6AD03C21A3A09900F121E7 /* 1.m4a */ = {isa = PBXFileReference; lastKnownFileType = file; path = 1.m4a; sourceTree = "<group>"; };
		6C6AD03D21A3A09900F121E7 /* 3.m4a */ = {isa = PBXFileReference; lastKnownFileType = file; path = 3.m4a; sourceTree = "<group>"; };
		6C6AD03E21A3A09900F121E7 /* 5.m4a */ = {isa = PBXFileReference; lastKnownFileType = file; path = 5.m4a; sourceTree = "<group>"; };
		6C6AD04F21A3A6D500F121E7 /* daozhang.m4a */ = {isa = PBXFileReference; lastKnownFileType = file; path = daozhang.m4a; sourceTree = "<group>"; };
		6CBACB6421BFA7370024CED5 /* HCPushContentExtension.appex */ = {isa = PBXFileReference; explicitFileType = "wrapper.app-extension"; includeInIndex = 0; path = HCPushContentExtension.appex; sourceTree = BUILT_PRODUCTS_DIR; };
		6CBACB6621BFA7370024CED5 /* UserNotifications.framework */ = {isa = PBXFileReference; lastKnownFileType = wrapper.framework; name = UserNotifications.framework; path = System/Library/Frameworks/UserNotifications.framework; sourceTree = SDKROOT; };
		6CBACB6821BFA7370024CED5 /* UserNotificationsUI.framework */ = {isa = PBXFileReference; lastKnownFileType = wrapper.framework; name = UserNotificationsUI.framework; path = System/Library/Frameworks/UserNotificationsUI.framework; sourceTree = SDKROOT; };
		6CBACB6B21BFA7370024CED5 /* NotificationViewController.swift */ = {isa = PBXFileReference; lastKnownFileType = sourcecode.swift; path = NotificationViewController.swift; sourceTree = "<group>"; };
		6CBACB6E21BFA7370024CED5 /* Base */ = {isa = PBXFileReference; lastKnownFileType = file.storyboard; name = Base; path = Base.lproj/MainInterface.storyboard; sourceTree = "<group>"; };
		6CBACB7021BFA7370024CED5 /* Info.plist */ = {isa = PBXFileReference; lastKnownFileType = text.plist.xml; path = Info.plist; sourceTree = "<group>"; };
		6CF44222219ECA2B0098D251 /* HCPush.app */ = {isa = PBXFileReference; explicitFileType = wrapper.application; includeInIndex = 0; path = HCPush.app; sourceTree = BUILT_PRODUCTS_DIR; };
		6CF44225219ECA2B0098D251 /* AppDelegate.swift */ = {isa = PBXFileReference; lastKnownFileType = sourcecode.swift; path = AppDelegate.swift; sourceTree = "<group>"; };
		6CF44227219ECA2B0098D251 /* ViewController.swift */ = {isa = PBXFileReference; lastKnownFileType = sourcecode.swift; path = ViewController.swift; sourceTree = "<group>"; };
		6CF4422A219ECA2B0098D251 /* Base */ = {isa = PBXFileReference; lastKnownFileType = file.storyboard; name = Base; path = Base.lproj/Main.storyboard; sourceTree = "<group>"; };
		6CF4422C219ECA2C0098D251 /* Assets.xcassets */ = {isa = PBXFileReference; lastKnownFileType = folder.assetcatalog; path = Assets.xcassets; sourceTree = "<group>"; };
		6CF4422F219ECA2C0098D251 /* Base */ = {isa = PBXFileReference; lastKnownFileType = file.storyboard; name = Base; path = Base.lproj/LaunchScreen.storyboard; sourceTree = "<group>"; };
		6CF44231219ECA2C0098D251 /* Info.plist */ = {isa = PBXFileReference; lastKnownFileType = text.plist.xml; path = Info.plist; sourceTree = "<group>"; };
/* End PBXFileReference section */

/* Begin PBXFrameworksBuildPhase section */
		6C6AD02721A2696D00F121E7 /* Frameworks */ = {
			isa = PBXFrameworksBuildPhase;
			buildActionMask = 2147483647;
			files = (
			);
			runOnlyForDeploymentPostprocessing = 0;
		};
		6CBACB6121BFA7370024CED5 /* Frameworks */ = {
			isa = PBXFrameworksBuildPhase;
			buildActionMask = 2147483647;
			files = (
				6CBACB6921BFA7370024CED5 /* UserNotificationsUI.framework in Frameworks */,
				6CBACB6721BFA7370024CED5 /* UserNotifications.framework in Frameworks */,
			);
			runOnlyForDeploymentPostprocessing = 0;
		};
		6CF4421F219ECA2B0098D251 /* Frameworks */ = {
			isa = PBXFrameworksBuildPhase;
			buildActionMask = 2147483647;
			files = (
			);
			runOnlyForDeploymentPostprocessing = 0;
		};
/* End PBXFrameworksBuildPhase section */

/* Begin PBXGroup section */
		6C6AD02B21A2696D00F121E7 /* HCPushServiceExtension */ = {
			isa = PBXGroup;
			children = (
				6C6AD03621A26B7500F121E7 /* HCPushServiceExtension.entitlements */,
				6C6AD02C21A2696D00F121E7 /* NotificationService.swift */,
				6C6AD02E21A2696D00F121E7 /* Info.plist */,
			);
			path = HCPushServiceExtension;
			sourceTree = "<group>";
		};
		6CBACB6521BFA7370024CED5 /* Frameworks */ = {
			isa = PBXGroup;
			children = (
				6CBACB6621BFA7370024CED5 /* UserNotifications.framework */,
				6CBACB6821BFA7370024CED5 /* UserNotificationsUI.framework */,
			);
			name = Frameworks;
			sourceTree = "<group>";
		};
		6CBACB6A21BFA7370024CED5 /* HCPushContentExtension */ = {
			isa = PBXGroup;
			children = (
				6CBACB6B21BFA7370024CED5 /* NotificationViewController.swift */,
				6CBACB6D21BFA7370024CED5 /* MainInterface.storyboard */,
				6CBACB7021BFA7370024CED5 /* Info.plist */,
			);
			path = HCPushContentExtension;
			sourceTree = "<group>";
		};
		6CF44219219ECA2B0098D251 = {
			isa = PBXGroup;
			children = (
				6CF44224219ECA2B0098D251 /* HCPush */,
				6C6AD02B21A2696D00F121E7 /* HCPushServiceExtension */,
				6CBACB6A21BFA7370024CED5 /* HCPushContentExtension */,
				6CBACB6521BFA7370024CED5 /* Frameworks */,
				6CF44223219ECA2B0098D251 /* Products */,
			);
			sourceTree = "<group>";
		};
		6CF44223219ECA2B0098D251 /* Products */ = {
			isa = PBXGroup;
			children = (
				6CF44222219ECA2B0098D251 /* HCPush.app */,
				6C6AD02A21A2696D00F121E7 /* HCPushServiceExtension.appex */,
				6CBACB6421BFA7370024CED5 /* HCPushContentExtension.appex */,
			);
			name = Products;
			sourceTree = "<group>";
		};
		6CF44224219ECA2B0098D251 /* HCPush */ = {
			isa = PBXGroup;
			children = (
				6C6AD04F21A3A6D500F121E7 /* daozhang.m4a */,
				6C6AD03C21A3A09900F121E7 /* 1.m4a */,
				6C6AD03A21A3A09900F121E7 /* 2.m4a */,
				6C6AD03D21A3A09900F121E7 /* 3.m4a */,
				6C6AD03821A3A09900F121E7 /* 4.m4a */,
				6C6AD03E21A3A09900F121E7 /* 5.m4a */,
				6C6AD03921A3A09900F121E7 /* 6.m4a */,
				6C6AD03B21A3A09900F121E7 /* 数数.m4a */,
				6C6AD03721A3A09900F121E7 /* 支付宝.m4a */,
				6C6AD02421A25D6D00F121E7 /* 111.png */,
				6C6AD02321A247C400F121E7 /* HCPush.entitlements */,
				6CF44225219ECA2B0098D251 /* AppDelegate.swift */,
				6CF44227219ECA2B0098D251 /* ViewController.swift */,
				6CF44229219ECA2B0098D251 /* Main.storyboard */,
				6CF4422C219ECA2C0098D251 /* Assets.xcassets */,
				6CF4422E219ECA2C0098D251 /* LaunchScreen.storyboard */,
				6CF44231219ECA2C0098D251 /* Info.plist */,
			);
			path = HCPush;
			sourceTree = "<group>";
		};
/* End PBXGroup section */

/* Begin PBXNativeTarget section */
		6C6AD02921A2696D00F121E7 /* HCPushServiceExtension */ = {
			isa = PBXNativeTarget;
			buildConfigurationList = 6C6AD03221A2696D00F121E7 /* Build configuration list for PBXNativeTarget "HCPushServiceExtension" */;
			buildPhases = (
				6C6AD02621A2696D00F121E7 /* Sources */,
				6C6AD02721A2696D00F121E7 /* Frameworks */,
				6C6AD02821A2696D00F121E7 /* Resources */,
			);
			buildRules = (
			);
			dependencies = (
			);
			name = HCPushServiceExtension;
			productName = HCPushServiceExtension;
			productReference = 6C6AD02A21A2696D00F121E7 /* HCPushServiceExtension.appex */;
			productType = "com.apple.product-type.app-extension";
		};
		6CBACB6321BFA7370024CED5 /* HCPushContentExtension */ = {
			isa = PBXNativeTarget;
			buildConfigurationList = 6CBACB7621BFA7370024CED5 /* Build configuration list for PBXNativeTarget "HCPushContentExtension" */;
			buildPhases = (
				6CBACB6021BFA7370024CED5 /* Sources */,
				6CBACB6121BFA7370024CED5 /* Frameworks */,
				6CBACB6221BFA7370024CED5 /* Resources */,
			);
			buildRules = (
			);
			dependencies = (
			);
			name = HCPushContentExtension;
			productName = HCPushContentExtension;
			productReference = 6CBACB6421BFA7370024CED5 /* HCPushContentExtension.appex */;
			productType = "com.apple.product-type.app-extension";
		};
		6CF44221219ECA2B0098D251 /* HCPush */ = {
			isa = PBXNativeTarget;
			buildConfigurationList = 6CF44234219ECA2C0098D251 /* Build configuration list for PBXNativeTarget "HCPush" */;
			buildPhases = (
				6CF4421E219ECA2B0098D251 /* Sources */,
				6CF4421F219ECA2B0098D251 /* Frameworks */,
				6CF44220219ECA2B0098D251 /* Resources */,
				6C6AD03521A2696D00F121E7 /* Embed App Extensions */,
			);
			buildRules = (
			);
			dependencies = (
				6C6AD03021A2696D00F121E7 /* PBXTargetDependency */,
				6CBACB7221BFA7370024CED5 /* PBXTargetDependency */,
			);
			name = HCPush;
			productName = HCPush;
			productReference = 6CF44222219ECA2B0098D251 /* HCPush.app */;
			productType = "com.apple.product-type.application";
		};
/* End PBXNativeTarget section */

/* Begin PBXProject section */
		6CF4421A219ECA2B0098D251 /* Project object */ = {
			isa = PBXProject;
			attributes = {
				LastSwiftUpdateCheck = 1010;
				LastUpgradeCheck = 1010;
				ORGANIZATIONNAME = HeeronChang;
				TargetAttributes = {
					6C6AD02921A2696D00F121E7 = {
						CreatedOnToolsVersion = 10.1;
						SystemCapabilities = {
							com.apple.Push = {
								enabled = 1;
							};
						};
					};
					6CBACB6321BFA7370024CED5 = {
						CreatedOnToolsVersion = 10.1;
					};
					6CF44221219ECA2B0098D251 = {
						CreatedOnToolsVersion = 10.1;
						SystemCapabilities = {
							com.apple.BackgroundModes = {
								enabled = 0;
							};
							com.apple.Push = {
								enabled = 1;
							};
						};
					};
				};
			};
			buildConfigurationList = 6CF4421D219ECA2B0098D251 /* Build configuration list for PBXProject "HCPush" */;
			compatibilityVersion = "Xcode 9.3";
			developmentRegion = en;
			hasScannedForEncodings = 0;
			knownRegions = (
				en,
				Base,
			);
			mainGroup = 6CF44219219ECA2B0098D251;
			productRefGroup = 6CF44223219ECA2B0098D251 /* Products */;
			projectDirPath = "";
			projectRoot = "";
			targets = (
				6CF44221219ECA2B0098D251 /* HCPush */,
				6C6AD02921A2696D00F121E7 /* HCPushServiceExtension */,
				6CBACB6321BFA7370024CED5 /* HCPushContentExtension */,
			);
		};
/* End PBXProject section */

/* Begin PBXResourcesBuildPhase section */
		6C6AD02821A2696D00F121E7 /* Resources */ = {
			isa = PBXResourcesBuildPhase;
			buildActionMask = 2147483647;
			files = (
				6C6AD04A21A3A09900F121E7 /* 1.m4a in Resources */,
				6C6AD04821A3A09900F121E7 /* 数数.m4a in Resources */,
				6C6AD04E21A3A09900F121E7 /* 5.m4a in Resources */,
				6C6AD05121A3A6D500F121E7 /* daozhang.m4a in Resources */,
				6C6AD04421A3A09900F121E7 /* 6.m4a in Resources */,
				6C6AD04021A3A09900F121E7 /* 支付宝.m4a in Resources */,
				6C6AD04221A3A09900F121E7 /* 4.m4a in Resources */,
				6C6AD04C21A3A09900F121E7 /* 3.m4a in Resources */,
				6C6AD04621A3A09900F121E7 /* 2.m4a in Resources */,
			);
			runOnlyForDeploymentPostprocessing = 0;
		};
		6CBACB6221BFA7370024CED5 /* Resources */ = {
			isa = PBXResourcesBuildPhase;
			buildActionMask = 2147483647;
			files = (
				6CBACB6F21BFA7370024CED5 /* MainInterface.storyboard in Resources */,
			);
			runOnlyForDeploymentPostprocessing = 0;
		};
		6CF44220219ECA2B0098D251 /* Resources */ = {
			isa = PBXResourcesBuildPhase;
			buildActionMask = 2147483647;
			files = (
				6C6AD04B21A3A09900F121E7 /* 3.m4a in Resources */,
				6C6AD04321A3A09900F121E7 /* 6.m4a in Resources */,
				6CF44230219ECA2C0098D251 /* LaunchScreen.storyboard in Resources */,
				6C6AD04921A3A09900F121E7 /* 1.m4a in Resources */,
				6C6AD02521A25D6D00F121E7 /* 111.png in Resources */,
				6CF4422D219ECA2C0098D251 /* Assets.xcassets in Resources */,
				6C6AD04D21A3A09900F121E7 /* 5.m4a in Resources */,
				6C6AD04121A3A09900F121E7 /* 4.m4a in Resources */,
				6C6AD03F21A3A09900F121E7 /* 支付宝.m4a in Resources */,
				6CF4422B219ECA2B0098D251 /* Main.storyboard in Resources */,
				6C6AD04721A3A09900F121E7 /* 数数.m4a in Resources */,
				6C6AD04521A3A09900F121E7 /* 2.m4a in Resources */,
				6C6AD05021A3A6D500F121E7 /* daozhang.m4a in Resources */,
			);
			runOnlyForDeploymentPostprocessing = 0;
		};
/* End PBXResourcesBuildPhase section */

/* Begin PBXSourcesBuildPhase section */
		6C6AD02621A2696D00F121E7 /* Sources */ = {
			isa = PBXSourcesBuildPhase;
			buildActionMask = 2147483647;
			files = (
				6C6AD02D21A2696D00F121E7 /* NotificationService.swift in Sources */,
			);
			runOnlyForDeploymentPostprocessing = 0;
		};
		6CBACB6021BFA7370024CED5 /* Sources */ = {
			isa = PBXSourcesBuildPhase;
			buildActionMask = 2147483647;
			files = (
				6CBACB6C21BFA7370024CED5 /* NotificationViewController.swift in Sources */,
			);
			runOnlyForDeploymentPostprocessing = 0;
		};
		6CF4421E219ECA2B0098D251 /* Sources */ = {
			isa = PBXSourcesBuildPhase;
			buildActionMask = 2147483647;
			files = (
				6CF44228219ECA2B0098D251 /* ViewController.swift in Sources */,
				6CF44226219ECA2B0098D251 /* AppDelegate.swift in Sources */,
			);
			runOnlyForDeploymentPostprocessing = 0;
		};
/* End PBXSourcesBuildPhase section */

/* Begin PBXTargetDependency section */
		6C6AD03021A2696D00F121E7 /* PBXTargetDependency */ = {
			isa = PBXTargetDependency;
			target = 6C6AD02921A2696D00F121E7 /* HCPushServiceExtension */;
			targetProxy = 6C6AD02F21A2696D00F121E7 /* PBXContainerItemProxy */;
		};
		6CBACB7221BFA7370024CED5 /* PBXTargetDependency */ = {
			isa = PBXTargetDependency;
			target = 6CBACB6321BFA7370024CED5 /* HCPushContentExtension */;
			targetProxy = 6CBACB7121BFA7370024CED5 /* PBXContainerItemProxy */;
		};
/* End PBXTargetDependency section */

/* Begin PBXVariantGroup section */
		6CBACB6D21BFA7370024CED5 /* MainInterface.storyboard */ = {
			isa = PBXVariantGroup;
			children = (
				6CBACB6E21BFA7370024CED5 /* Base */,
			);
			name = MainInterface.storyboard;
			sourceTree = "<group>";
		};
		6CF44229219ECA2B0098D251 /* Main.storyboard */ = {
			isa = PBXVariantGroup;
			children = (
				6CF4422A219ECA2B0098D251 /* Base */,
			);
			name = Main.storyboard;
			sourceTree = "<group>";
		};
		6CF4422E219ECA2C0098D251 /* LaunchScreen.storyboard */ = {
			isa = PBXVariantGroup;
			children = (
				6CF4422F219ECA2C0098D251 /* Base */,
			);
			name = LaunchScreen.storyboard;
			sourceTree = "<group>";
		};
/* End PBXVariantGroup section */

/* Begin XCBuildConfiguration section */
		6C6AD03321A2696D00F121E7 /* Debug */ = {
			isa = XCBuildConfiguration;
			buildSettings = {
				CODE_SIGN_ENTITLEMENTS = HCPushServiceExtension/HCPushServiceExtension.entitlements;
				CODE_SIGN_STYLE = Automatic;
				DEVELOPMENT_TEAM = 2M5J5HV6Y7;
				INFOPLIST_FILE = HCPushServiceExtension/Info.plist;
				IPHONEOS_DEPLOYMENT_TARGET = 10.0;
				LD_RUNPATH_SEARCH_PATHS = (
					"$(inherited)",
					"@executable_path/Frameworks",
					"@executable_path/../../Frameworks",
				);
				PRODUCT_BUNDLE_IDENTIFIER = com.lansejuli.www.MaintenanceSysService.HCPushServiceExtension;
				PRODUCT_NAME = "$(TARGET_NAME)";
				SKIP_INSTALL = YES;
				SWIFT_VERSION = 4.2;
				TARGETED_DEVICE_FAMILY = 1;
			};
			name = Debug;
		};
		6C6AD03421A2696D00F121E7 /* Release */ = {
			isa = XCBuildConfiguration;
			buildSettings = {
				CODE_SIGN_ENTITLEMENTS = HCPushServiceExtension/HCPushServiceExtension.entitlements;
				CODE_SIGN_STYLE = Automatic;
				DEVELOPMENT_TEAM = 2M5J5HV6Y7;
				INFOPLIST_FILE = HCPushServiceExtension/Info.plist;
				IPHONEOS_DEPLOYMENT_TARGET = 10.0;
				LD_RUNPATH_SEARCH_PATHS = (
					"$(inherited)",
					"@executable_path/Frameworks",
					"@executable_path/../../Frameworks",
				);
				PRODUCT_BUNDLE_IDENTIFIER = com.lansejuli.www.MaintenanceSysService.HCPushServiceExtension;
				PRODUCT_NAME = "$(TARGET_NAME)";
				SKIP_INSTALL = YES;
				SWIFT_VERSION = 4.2;
				TARGETED_DEVICE_FAMILY = 1;
			};
			name = Release;
		};
		6CBACB7421BFA7370024CED5 /* Debug */ = {
			isa = XCBuildConfiguration;
			buildSettings = {
				CODE_SIGN_STYLE = Automatic;
				DEVELOPMENT_TEAM = 2M5J5HV6Y7;
				INFOPLIST_FILE = HCPushContentExtension/Info.plist;
				LD_RUNPATH_SEARCH_PATHS = (
					"$(inherited)",
					"@executable_path/Frameworks",
					"@executable_path/../../Frameworks",
				);
				PRODUCT_BUNDLE_IDENTIFIER = com.lansejuli.www.MaintenanceSysService.HCPushContentExtension;
				PRODUCT_NAME = "$(TARGET_NAME)";
				SKIP_INSTALL = YES;
				SWIFT_VERSION = 4.2;
				TARGETED_DEVICE_FAMILY = "1,2";
			};
			name = Debug;
		};
		6CBACB7521BFA7370024CED5 /* Release */ = {
			isa = XCBuildConfiguration;
			buildSettings = {
				CODE_SIGN_STYLE = Automatic;
				DEVELOPMENT_TEAM = 2M5J5HV6Y7;
				INFOPLIST_FILE = HCPushContentExtension/Info.plist;
				LD_RUNPATH_SEARCH_PATHS = (
					"$(inherited)",
					"@executable_path/Frameworks",
					"@executable_path/../../Frameworks",
				);
				PRODUCT_BUNDLE_IDENTIFIER = com.lansejuli.www.MaintenanceSysService.HCPushContentExtension;
				PRODUCT_NAME = "$(TARGET_NAME)";
				SKIP_INSTALL = YES;
				SWIFT_VERSION = 4.2;
				TARGETED_DEVICE_FAMILY = "1,2";
			};
			name = Release;
		};
		6CF44232219ECA2C0098D251 /* Debug */ = {
			isa = XCBuildConfiguration;
			buildSettings = {
				ALWAYS_SEARCH_USER_PATHS = NO;
				CLANG_ANALYZER_NONNULL = YES;
				CLANG_ANALYZER_NUMBER_OBJECT_CONVERSION = YES_AGGRESSIVE;
				CLANG_CXX_LANGUAGE_STANDARD = "gnu++14";
				CLANG_CXX_LIBRARY = "libc++";
				CLANG_ENABLE_MODULES = YES;
				CLANG_ENABLE_OBJC_ARC = YES;
				CLANG_ENABLE_OBJC_WEAK = YES;
				CLANG_WARN_BLOCK_CAPTURE_AUTORELEASING = YES;
				CLANG_WARN_BOOL_CONVERSION = YES;
				CLANG_WARN_COMMA = YES;
				CLANG_WARN_CONSTANT_CONVERSION = YES;
				CLANG_WARN_DEPRECATED_OBJC_IMPLEMENTATIONS = YES;
				CLANG_WARN_DIRECT_OBJC_ISA_USAGE = YES_ERROR;
				CLANG_WARN_DOCUMENTATION_COMMENTS = YES;
				CLANG_WARN_EMPTY_BODY = YES;
				CLANG_WARN_ENUM_CONVERSION = YES;
				CLANG_WARN_INFINITE_RECURSION = YES;
				CLANG_WARN_INT_CONVERSION = YES;
				CLANG_WARN_NON_LITERAL_NULL_CONVERSION = YES;
				CLANG_WARN_OBJC_IMPLICIT_RETAIN_SELF = YES;
				CLANG_WARN_OBJC_LITERAL_CONVERSION = YES;
				CLANG_WARN_OBJC_ROOT_CLASS = YES_ERROR;
				CLANG_WARN_RANGE_LOOP_ANALYSIS = YES;
				CLANG_WARN_STRICT_PROTOTYPES = YES;
				CLANG_WARN_SUSPICIOUS_MOVE = YES;
				CLANG_WARN_UNGUARDED_AVAILABILITY = YES_AGGRESSIVE;
				CLANG_WARN_UNREACHABLE_CODE = YES;
				CLANG_WARN__DUPLICATE_METHOD_MATCH = YES;
				CODE_SIGN_IDENTITY = "iPhone Developer";
				COPY_PHASE_STRIP = NO;
				DEBUG_INFORMATION_FORMAT = dwarf;
				ENABLE_STRICT_OBJC_MSGSEND = YES;
				ENABLE_TESTABILITY = YES;
				GCC_C_LANGUAGE_STANDARD = gnu11;
				GCC_DYNAMIC_NO_PIC = NO;
				GCC_NO_COMMON_BLOCKS = YES;
				GCC_OPTIMIZATION_LEVEL = 0;
				GCC_PREPROCESSOR_DEFINITIONS = (
					"DEBUG=1",
					"$(inherited)",
				);
				GCC_WARN_64_TO_32_BIT_CONVERSION = YES;
				GCC_WARN_ABOUT_RETURN_TYPE = YES_ERROR;
				GCC_WARN_UNDECLARED_SELECTOR = YES;
				GCC_WARN_UNINITIALIZED_AUTOS = YES_AGGRESSIVE;
				GCC_WARN_UNUSED_FUNCTION = YES;
				GCC_WARN_UNUSED_VARIABLE = YES;
				IPHONEOS_DEPLOYMENT_TARGET = 12.1;
				MTL_ENABLE_DEBUG_INFO = INCLUDE_SOURCE;
				MTL_FAST_MATH = YES;
				ONLY_ACTIVE_ARCH = YES;
				SDKROOT = iphoneos;
				SWIFT_ACTIVE_COMPILATION_CONDITIONS = DEBUG;
				SWIFT_OPTIMIZATION_LEVEL = "-Onone";
			};
			name = Debug;
		};
		6CF44233219ECA2C0098D251 /* Release */ = {
			isa = XCBuildConfiguration;
			buildSettings = {
				ALWAYS_SEARCH_USER_PATHS = NO;
				CLANG_ANALYZER_NONNULL = YES;
				CLANG_ANALYZER_NUMBER_OBJECT_CONVERSION = YES_AGGRESSIVE;
				CLANG_CXX_LANGUAGE_STANDARD = "gnu++14";
				CLANG_CXX_LIBRARY = "libc++";
				CLANG_ENABLE_MODULES = YES;
				CLANG_ENABLE_OBJC_ARC = YES;
				CLANG_ENABLE_OBJC_WEAK = YES;
				CLANG_WARN_BLOCK_CAPTURE_AUTORELEASING = YES;
				CLANG_WARN_BOOL_CONVERSION = YES;
				CLANG_WARN_COMMA = YES;
				CLANG_WARN_CONSTANT_CONVERSION = YES;
				CLANG_WARN_DEPRECATED_OBJC_IMPLEMENTATIONS = YES;
				CLANG_WARN_DIRECT_OBJC_ISA_USAGE = YES_ERROR;
				CLANG_WARN_DOCUMENTATION_COMMENTS = YES;
				CLANG_WARN_EMPTY_BODY = YES;
				CLANG_WARN_ENUM_CONVERSION = YES;
				CLANG_WARN_INFINITE_RECURSION = YES;
				CLANG_WARN_INT_CONVERSION = YES;
				CLANG_WARN_NON_LITERAL_NULL_CONVERSION = YES;
				CLANG_WARN_OBJC_IMPLICIT_RETAIN_SELF = YES;
				CLANG_WARN_OBJC_LITERAL_CONVERSION = YES;
				CLANG_WARN_OBJC_ROOT_CLASS = YES_ERROR;
				CLANG_WARN_RANGE_LOOP_ANALYSIS = YES;
				CLANG_WARN_STRICT_PROTOTYPES = YES;
				CLANG_WARN_SUSPICIOUS_MOVE = YES;
				CLANG_WARN_UNGUARDED_AVAILABILITY = YES_AGGRESSIVE;
				CLANG_WARN_UNREACHABLE_CODE = YES;
				CLANG_WARN__DUPLICATE_METHOD_MATCH = YES;
				CODE_SIGN_IDENTITY = "iPhone Developer";
				COPY_PHASE_STRIP = NO;
				DEBUG_INFORMATION_FORMAT = "dwarf-with-dsym";
				ENABLE_NS_ASSERTIONS = NO;
				ENABLE_STRICT_OBJC_MSGSEND = YES;
				GCC_C_LANGUAGE_STANDARD = gnu11;
				GCC_NO_COMMON_BLOCKS = YES;
				GCC_WARN_64_TO_32_BIT_CONVERSION = YES;
				GCC_WARN_ABOUT_RETURN_TYPE = YES_ERROR;
				GCC_WARN_UNDECLARED_SELECTOR = YES;
				GCC_WARN_UNINITIALIZED_AUTOS = YES_AGGRESSIVE;
				GCC_WARN_UNUSED_FUNCTION = YES;
				GCC_WARN_UNUSED_VARIABLE = YES;
				IPHONEOS_DEPLOYMENT_TARGET = 12.1;
				MTL_ENABLE_DEBUG_INFO = NO;
				MTL_FAST_MATH = YES;
				SDKROOT = iphoneos;
				SWIFT_COMPILATION_MODE = wholemodule;
				SWIFT_OPTIMIZATION_LEVEL = "-O";
				VALIDATE_PRODUCT = YES;
			};
			name = Release;
		};
		6CF44235219ECA2C0098D251 /* Debug */ = {
			isa = XCBuildConfiguration;
			buildSettings = {
				ALWAYS_EMBED_SWIFT_STANDARD_LIBRARIES = YES;
				ASSETCATALOG_COMPILER_APPICON_NAME = AppIcon;
				CODE_SIGN_ENTITLEMENTS = HCPush/HCPush.entitlements;
				CODE_SIGN_STYLE = Automatic;
				DEVELOPMENT_TEAM = 2M5J5HV6Y7;
				INFOPLIST_FILE = HCPush/Info.plist;
				IPHONEOS_DEPLOYMENT_TARGET = 10.0;
				LD_RUNPATH_SEARCH_PATHS = (
					"$(inherited)",
					"@executable_path/Frameworks",
				);
				PRODUCT_BUNDLE_IDENTIFIER = com.lansejuli.www.MaintenanceSysService;
				PRODUCT_NAME = "$(TARGET_NAME)";
				SWIFT_VERSION = 4.2;
				TARGETED_DEVICE_FAMILY = 1;
			};
			name = Debug;
		};
		6CF44236219ECA2C0098D251 /* Release */ = {
			isa = XCBuildConfiguration;
			buildSettings = {
				ALWAYS_EMBED_SWIFT_STANDARD_LIBRARIES = YES;
				ASSETCATALOG_COMPILER_APPICON_NAME = AppIcon;
				CODE_SIGN_ENTITLEMENTS = HCPush/HCPush.entitlements;
				CODE_SIGN_STYLE = Automatic;
				DEVELOPMENT_TEAM = 2M5J5HV6Y7;
				INFOPLIST_FILE = HCPush/Info.plist;
				IPHONEOS_DEPLOYMENT_TARGET = 10.0;
				LD_RUNPATH_SEARCH_PATHS = (
					"$(inherited)",
					"@executable_path/Frameworks",
				);
				PRODUCT_BUNDLE_IDENTIFIER = com.lansejuli.www.MaintenanceSysService;
				PRODUCT_NAME = "$(TARGET_NAME)";
				SWIFT_VERSION = 4.2;
				TARGETED_DEVICE_FAMILY = 1;
			};
			name = Release;
		};
/* End XCBuildConfiguration section */

/* Begin XCConfigurationList section */
		6C6AD03221A2696D00F121E7 /* Build configuration list for PBXNativeTarget "HCPushServiceExtension" */ = {
			isa = XCConfigurationList;
			buildConfigurations = (
				6C6AD03321A2696D00F121E7 /* Debug */,
				6C6AD03421A2696D00F121E7 /* Release */,
			);
			defaultConfigurationIsVisible = 0;
			defaultConfigurationName = Release;
		};
		6CBACB7621BFA7370024CED5 /* Build configuration list for PBXNativeTarget "HCPushContentExtension" */ = {
			isa = XCConfigurationList;
			buildConfigurations = (
				6CBACB7421BFA7370024CED5 /* Debug */,
				6CBACB7521BFA7370024CED5 /* Release */,
			);
			defaultConfigurationIsVisible = 0;
			defaultConfigurationName = Release;
		};
		6CF4421D219ECA2B0098D251 /* Build configuration list for PBXProject "HCPush" */ = {
			isa = XCConfigurationList;
			buildConfigurations = (
				6CF44232219ECA2C0098D251 /* Debug */,
				6CF44233219ECA2C0098D251 /* Release */,
			);
			defaultConfigurationIsVisible = 0;
			defaultConfigurationName = Release;
		};
		6CF44234219ECA2C0098D251 /* Build configuration list for PBXNativeTarget "HCPush" */ = {
			isa = XCConfigurationList;
			buildConfigurations = (
				6CF44235219ECA2C0098D251 /* Debug */,
				6CF44236219ECA2C0098D251 /* Release */,
			);
			defaultConfigurationIsVisible = 0;
			defaultConfigurationName = Release;
		};
/* End XCConfigurationList section */
	};
	rootObject = 6CF4421A219ECA2B0098D251 /* Project object */;
}
